
Microsoft Visual Studio Solution File, Format Version 12.00
# Visual Studio Version 16
VisualStudioVersion = 16.0.31702.278
MinimumVisualStudioVersion = 10.0.40219.1
Project("{FAE04EC0-301F-11D3-BF4B-00C04F79EFBC}") = "SingletonPattern", "SingletonPattern\SingletonPattern.csproj", "{9CCEEA32-87BC-47FA-BAF4-DA82090D4F62}"
EndProject
Global
	GlobalSection(SolutionConfigurationPlatforms) = preSolution
		Debug|Any CPU = Debug|Any CPU
		Release|Any CPU = Release|Any CPU
	EndGlobalSection
	GlobalSection(ProjectConfigurationPlatforms) = postSolution
		{9CCEEA32-87BC-47FA-BAF4-DA82090D4F62}.Debug|Any CPU.ActiveCfg = Debug|Any CPU
		{9CCEEA32-87BC-47FA-BAF4-DA82090D4F62}.Debug|Any CPU.Build.0 = Debug|Any CPU
		{9CCEEA32-87BC-47FA-BAF4-DA82090D4F62}.Release|Any CPU.ActiveCfg = Release|Any CPU
		{9CCEEA32-87BC-47FA-BAF4-DA82090D4F62}.Release|Any CPU.Build.0 = Release|Any CPU
	EndGlobalSection
	GlobalSection(SolutionProperties) = preSolution
		HideSolutionNode = FALSE
	EndGlobalSection
	GlobalSection(ExtensibilityGlobals) = postSolution
		SolutionGuid = {F3C3200A-9662-46D2-B5D7-1D6D3118BB26}
	EndGlobalSection
EndGlobal
